
Microsoft Visual Studio Solution File, Format Version 12.00
# Visual Studio Version 16
VisualStudioVersion = 16.0.30517.126
MinimumVisualStudioVersion = 10.0.40219.1
Project("{FAE04EC0-301F-11D3-BF4B-00C04F79EFBC}") = "Lab2", "Lab2.csproj", "{848885BE-83F9-464B-8E32-EBADC7BA8AD0}"
EndProject
Global
	GlobalSection(SolutionConfigurationPlatforms) = preSolution
		Debug|Any CPU = Debug|Any CPU
		Release|Any CPU = Release|Any CPU
	EndGlobalSection
	GlobalSection(ProjectConfigurationPlatforms) = postSolution
		{848885BE-83F9-464B-8E32-EBADC7BA8AD0}.Debug|Any CPU.ActiveCfg = Debug|Any CPU
		{848885BE-83F9-464B-8E32-EBADC7BA8AD0}.Debug|Any CPU.Build.0 = Debug|Any CPU
		{848885BE-83F9-464B-8E32-EBADC7BA8AD0}.Release|Any CPU.ActiveCfg = Release|Any CPU
		{848885BE-83F9-464B-8E32-EBADC7BA8AD0}.Release|Any CPU.Build.0 = Release|Any CPU
	EndGlobalSection
	GlobalSection(SolutionProperties) = preSolution
		HideSolutionNode = FALSE
	EndGlobalSection
	GlobalSection(ExtensibilityGlobals) = postSolution
		SolutionGuid = {D3D6A943-506C-4F54-A587-728F30E7CA04}
	EndGlobalSection
EndGlobal
