
Microsoft Visual Studio Solution File, Format Version 12.00
# Visual Studio Version 16
VisualStudioVersion = 16.0.30517.126
MinimumVisualStudioVersion = 10.0.40219.1
Project("{FAE04EC0-301F-11D3-BF4B-00C04F79EFBC}") = "Lab1.1", "Lab1.1.csproj", "{A954D78D-55C2-4C85-AD26-415973B00B62}"
EndProject
Global
	GlobalSection(SolutionConfigurationPlatforms) = preSolution
		Debug|Any CPU = Debug|Any CPU
		Release|Any CPU = Release|Any CPU
	EndGlobalSection
	GlobalSection(ProjectConfigurationPlatforms) = postSolution
		{A954D78D-55C2-4C85-AD26-415973B00B62}.Debug|Any CPU.ActiveCfg = Debug|Any CPU
		{A954D78D-55C2-4C85-AD26-415973B00B62}.Debug|Any CPU.Build.0 = Debug|Any CPU
		{A954D78D-55C2-4C85-AD26-415973B00B62}.Release|Any CPU.ActiveCfg = Release|Any CPU
		{A954D78D-55C2-4C85-AD26-415973B00B62}.Release|Any CPU.Build.0 = Release|Any CPU
	EndGlobalSection
	GlobalSection(SolutionProperties) = preSolution
		HideSolutionNode = FALSE
	EndGlobalSection
	GlobalSection(ExtensibilityGlobals) = postSolution
		SolutionGuid = {7839FE6D-28A0-4FD5-9E05-26C43A575749}
	EndGlobalSection
EndGlobal
